// !$*UTF8*$!
{
	archiveVersion = 1;
	classes = {
	};
	objectVersion = 56;
	objects = {

/* Begin PBXBuildFile section */
		AEF6B6D22B5B051000CFF64B /* AppDelegate.swift in Sources */ = {isa = PBXBuildFile; fileRef = AEF6B6D12B5B051000CFF64B /* AppDelegate.swift */; };
		AEF6B6D42B5B051000CFF64B /* SceneDelegate.swift in Sources */ = {isa = PBXBuildFile; fileRef = AEF6B6D32B5B051000CFF64B /* SceneDelegate.swift */; };
		AEF6B6D62B5B051000CFF64B /* LandingPageViewController.swift in Sources */ = {isa = PBXBuildFile; fileRef = AEF6B6D52B5B051000CFF64B /* LandingPageViewController.swift */; };
		AEF6B6D92B5B051000CFF64B /* Main.storyboard in Resources */ = {isa = PBXBuildFile; fileRef = AEF6B6D72B5B051000CFF64B /* Main.storyboard */; };
		AEF6B6DB2B5B051100CFF64B /* Assets.xcassets in Resources */ = {isa = PBXBuildFile; fileRef = AEF6B6DA2B5B051100CFF64B /* Assets.xcassets */; };
		AEF6B6DE2B5B051100CFF64B /* LaunchScreen.storyboard in Resources */ = {isa = PBXBuildFile; fileRef = AEF6B6DC2B5B051100CFF64B /* LaunchScreen.storyboard */; };
		AEF6B6E82B5B060800CFF64B /* Localizable.strings in Resources */ = {isa = PBXBuildFile; fileRef = AEF6B6EA2B5B060800CFF64B /* Localizable.strings */; };
		AEF6B6FB2B5B083F00CFF64B /* DefaultManager.swift in Sources */ = {isa = PBXBuildFile; fileRef = AEF6B6FA2B5B083F00CFF64B /* DefaultManager.swift */; };
		AEF6B6FE2B5B095900CFF64B /* LanguageManager.swift in Sources */ = {isa = PBXBuildFile; fileRef = AEF6B6FD2B5B095900CFF64B /* LanguageManager.swift */; };
		AEF6B7012B5B0C4B00CFF64B /* Extension+String.swift in Sources */ = {isa = PBXBuildFile; fileRef = AEF6B7002B5B0C4B00CFF64B /* Extension+String.swift */; };
		AEF6B7032B5B0DFF00CFF64B /* SecondViewController.swift in Sources */ = {isa = PBXBuildFile; fileRef = AEF6B7022B5B0DFF00CFF64B /* SecondViewController.swift */; };
		AEF6B7052B5B0E2B00CFF64B /* ThirdViewController.swift in Sources */ = {isa = PBXBuildFile; fileRef = AEF6B7042B5B0E2B00CFF64B /* ThirdViewController.swift */; };
		AEF6B7072B5B0E3C00CFF64B /* FourthViewController.swift in Sources */ = {isa = PBXBuildFile; fileRef = AEF6B7062B5B0E3C00CFF64B /* FourthViewController.swift */; };
		AEF6B7092B5B0F1C00CFF64B /* SegueConstants.swift in Sources */ = {isa = PBXBuildFile; fileRef = AEF6B7082B5B0F1C00CFF64B /* SegueConstants.swift */; };
/* End PBXBuildFile section */

/* Begin PBXFileReference section */
		AEF6B6CE2B5B051000CFF64B /* LanguageDemo.app */ = {isa = PBXFileReference; explicitFileType = wrapper.application; includeInIndex = 0; path = LanguageDemo.app; sourceTree = BUILT_PRODUCTS_DIR; };
		AEF6B6D12B5B051000CFF64B /* AppDelegate.swift */ = {isa = PBXFileReference; lastKnownFileType = sourcecode.swift; path = AppDelegate.swift; sourceTree = "<group>"; };
		AEF6B6D32B5B051000CFF64B /* SceneDelegate.swift */ = {isa = PBXFileReference; lastKnownFileType = sourcecode.swift; path = SceneDelegate.swift; sourceTree = "<group>"; };
		AEF6B6D52B5B051000CFF64B /* LandingPageViewController.swift */ = {isa = PBXFileReference; lastKnownFileType = sourcecode.swift; path = LandingPageViewController.swift; sourceTree = "<group>"; };
		AEF6B6D82B5B051000CFF64B /* Base */ = {isa = PBXFileReference; lastKnownFileType = file.storyboard; name = Base; path = Base.lproj/Main.storyboard; sourceTree = "<group>"; };
		AEF6B6DA2B5B051100CFF64B /* Assets.xcassets */ = {isa = PBXFileReference; lastKnownFileType = folder.assetcatalog; path = Assets.xcassets; sourceTree = "<group>"; };
		AEF6B6DD2B5B051100CFF64B /* Base */ = {isa = PBXFileReference; lastKnownFileType = file.storyboard; name = Base; path = Base.lproj/LaunchScreen.storyboard; sourceTree = "<group>"; };
		AEF6B6DF2B5B051100CFF64B /* Info.plist */ = {isa = PBXFileReference; lastKnownFileType = text.plist.xml; path = Info.plist; sourceTree = "<group>"; };
		AEF6B6ED2B5B06A400CFF64B /* es */ = {isa = PBXFileReference; lastKnownFileType = text.plist.strings; name = es; path = es.lproj/Main.strings; sourceTree = "<group>"; };
		AEF6B6EE2B5B06A400CFF64B /* es */ = {isa = PBXFileReference; lastKnownFileType = text.plist.strings; name = es; path = es.lproj/LaunchScreen.strings; sourceTree = "<group>"; };
		AEF6B6F22B5B06E400CFF64B /* es */ = {isa = PBXFileReference; lastKnownFileType = text.plist.strings; name = es; path = es.lproj/Localizable.strings; sourceTree = "<group>"; };
		AEF6B6F32B5B072B00CFF64B /* en */ = {isa = PBXFileReference; lastKnownFileType = text.plist.strings; name = en; path = en.lproj/Localizable.strings; sourceTree = "<group>"; };
		AEF6B6FA2B5B083F00CFF64B /* DefaultManager.swift */ = {isa = PBXFileReference; lastKnownFileType = sourcecode.swift; path = DefaultManager.swift; sourceTree = "<group>"; };
		AEF6B6FD2B5B095900CFF64B /* LanguageManager.swift */ = {isa = PBXFileReference; lastKnownFileType = sourcecode.swift; path = LanguageManager.swift; sourceTree = "<group>"; };
		AEF6B7002B5B0C4B00CFF64B /* Extension+String.swift */ = {isa = PBXFileReference; lastKnownFileType = sourcecode.swift; path = "Extension+String.swift"; sourceTree = "<group>"; };
		AEF6B7022B5B0DFF00CFF64B /* SecondViewController.swift */ = {isa = PBXFileReference; lastKnownFileType = sourcecode.swift; path = SecondViewController.swift; sourceTree = "<group>"; };
		AEF6B7042B5B0E2B00CFF64B /* ThirdViewController.swift */ = {isa = PBXFileReference; lastKnownFileType = sourcecode.swift; path = ThirdViewController.swift; sourceTree = "<group>"; };
		AEF6B7062B5B0E3C00CFF64B /* FourthViewController.swift */ = {isa = PBXFileReference; lastKnownFileType = sourcecode.swift; path = FourthViewController.swift; sourceTree = "<group>"; };
		AEF6B7082B5B0F1C00CFF64B /* SegueConstants.swift */ = {isa = PBXFileReference; lastKnownFileType = sourcecode.swift; path = SegueConstants.swift; sourceTree = "<group>"; };
/* End PBXFileReference section */

/* Begin PBXFrameworksBuildPhase section */
		AEF6B6CB2B5B051000CFF64B /* Frameworks */ = {
			isa = PBXFrameworksBuildPhase;
			buildActionMask = 2147483647;
			files = (
			);
			runOnlyForDeploymentPostprocessing = 0;
		};
/* End PBXFrameworksBuildPhase section */

/* Begin PBXGroup section */
		AEF6B6C52B5B051000CFF64B = {
			isa = PBXGroup;
			children = (
				AEF6B6D02B5B051000CFF64B /* LanguageDemo */,
				AEF6B6CF2B5B051000CFF64B /* Products */,
			);
			sourceTree = "<group>";
		};
		AEF6B6CF2B5B051000CFF64B /* Products */ = {
			isa = PBXGroup;
			children = (
				AEF6B6CE2B5B051000CFF64B /* LanguageDemo.app */,
			);
			name = Products;
			sourceTree = "<group>";
		};
		AEF6B6D02B5B051000CFF64B /* LanguageDemo */ = {
			isa = PBXGroup;
			children = (
				AEF6B6DF2B5B051100CFF64B /* Info.plist */,
				AEF6B6DA2B5B051100CFF64B /* Assets.xcassets */,
				AEF6B6FC2B5B086400CFF64B /* AppConstants */,
				AEF6B6F42B5B07BA00CFF64B /* AppDelegates */,
				AEF6B6F92B5B082C00CFF64B /* CommonUtils */,
				AEF6B6F82B5B07E700CFF64B /* Controller */,
				AEF6B6FF2B5B0C3300CFF64B /* Extension */,
				AEF6B6E52B5B05CE00CFF64B /* Localization */,
				AEF6B6F72B5B07D200CFF64B /* Model */,
				AEF6B6F52B5B07C700CFF64B /* View */,
				AEF6B6F62B5B07CD00CFF64B /* ViewModel */,
			);
			path = LanguageDemo;
			sourceTree = "<group>";
		};
		AEF6B6E52B5B05CE00CFF64B /* Localization */ = {
			isa = PBXGroup;
			children = (
				AEF6B6EA2B5B060800CFF64B /* Localizable.strings */,
			);
			path = Localization;
			sourceTree = "<group>";
		};
		AEF6B6F42B5B07BA00CFF64B /* AppDelegates */ = {
			isa = PBXGroup;
			children = (
				AEF6B6D12B5B051000CFF64B /* AppDelegate.swift */,
				AEF6B6D32B5B051000CFF64B /* SceneDelegate.swift */,
			);
			path = AppDelegates;
			sourceTree = "<group>";
		};
		AEF6B6F52B5B07C700CFF64B /* View */ = {
			isa = PBXGroup;
			children = (
				AEF6B6DC2B5B051100CFF64B /* LaunchScreen.storyboard */,
				AEF6B6D72B5B051000CFF64B /* Main.storyboard */,
			);
			path = View;
			sourceTree = "<group>";
		};
		AEF6B6F62B5B07CD00CFF64B /* ViewModel */ = {
			isa = PBXGroup;
			children = (
			);
			path = ViewModel;
			sourceTree = "<group>";
		};
		AEF6B6F72B5B07D200CFF64B /* Model */ = {
			isa = PBXGroup;
			children = (
			);
			path = Model;
			sourceTree = "<group>";
		};
		AEF6B6F82B5B07E700CFF64B /* Controller */ = {
			isa = PBXGroup;
			children = (
				AEF6B6D52B5B051000CFF64B /* LandingPageViewController.swift */,
				AEF6B7022B5B0DFF00CFF64B /* SecondViewController.swift */,
				AEF6B7042B5B0E2B00CFF64B /* ThirdViewController.swift */,
				AEF6B7062B5B0E3C00CFF64B /* FourthViewController.swift */,
			);
			path = Controller;
			sourceTree = "<group>";
		};
		AEF6B6F92B5B082C00CFF64B /* CommonUtils */ = {
			isa = PBXGroup;
			children = (
				AEF6B6FA2B5B083F00CFF64B /* DefaultManager.swift */,
				AEF6B6FD2B5B095900CFF64B /* LanguageManager.swift */,
			);
			path = CommonUtils;
			sourceTree = "<group>";
		};
		AEF6B6FC2B5B086400CFF64B /* AppConstants */ = {
			isa = PBXGroup;
			children = (
				AEF6B7082B5B0F1C00CFF64B /* SegueConstants.swift */,
			);
			path = AppConstants;
			sourceTree = "<group>";
		};
		AEF6B6FF2B5B0C3300CFF64B /* Extension */ = {
			isa = PBXGroup;
			children = (
				AEF6B7002B5B0C4B00CFF64B /* Extension+String.swift */,
			);
			path = Extension;
			sourceTree = "<group>";
		};
/* End PBXGroup section */

/* Begin PBXNativeTarget section */
		AEF6B6CD2B5B051000CFF64B /* LanguageDemo */ = {
			isa = PBXNativeTarget;
			buildConfigurationList = AEF6B6E22B5B051100CFF64B /* Build configuration list for PBXNativeTarget "LanguageDemo" */;
			buildPhases = (
				AEF6B6CA2B5B051000CFF64B /* Sources */,
				AEF6B6CB2B5B051000CFF64B /* Frameworks */,
				AEF6B6CC2B5B051000CFF64B /* Resources */,
			);
			buildRules = (
			);
			dependencies = (
			);
			name = LanguageDemo;
			productName = LanguageDemo;
			productReference = AEF6B6CE2B5B051000CFF64B /* LanguageDemo.app */;
			productType = "com.apple.product-type.application";
		};
/* End PBXNativeTarget section */

/* Begin PBXProject section */
		AEF6B6C62B5B051000CFF64B /* Project object */ = {
			isa = PBXProject;
			attributes = {
				BuildIndependentTargetsInParallel = 1;
				LastSwiftUpdateCheck = 1520;
				LastUpgradeCheck = 1520;
				TargetAttributes = {
					AEF6B6CD2B5B051000CFF64B = {
						CreatedOnToolsVersion = 15.2;
					};
				};
			};
			buildConfigurationList = AEF6B6C92B5B051000CFF64B /* Build configuration list for PBXProject "LanguageDemo" */;
			compatibilityVersion = "Xcode 14.0";
			developmentRegion = en;
			hasScannedForEncodings = 0;
			knownRegions = (
				en,
				Base,
				es,
			);
			mainGroup = AEF6B6C52B5B051000CFF64B;
			productRefGroup = AEF6B6CF2B5B051000CFF64B /* Products */;
			projectDirPath = "";
			projectRoot = "";
			targets = (
				AEF6B6CD2B5B051000CFF64B /* LanguageDemo */,
			);
		};
/* End PBXProject section */

/* Begin PBXResourcesBuildPhase section */
		AEF6B6CC2B5B051000CFF64B /* Resources */ = {
			isa = PBXResourcesBuildPhase;
			buildActionMask = 2147483647;
			files = (
				AEF6B6DE2B5B051100CFF64B /* LaunchScreen.storyboard in Resources */,
				AEF6B6E82B5B060800CFF64B /* Localizable.strings in Resources */,
				AEF6B6DB2B5B051100CFF64B /* Assets.xcassets in Resources */,
				AEF6B6D92B5B051000CFF64B /* Main.storyboard in Resources */,
			);
			runOnlyForDeploymentPostprocessing = 0;
		};
/* End PBXResourcesBuildPhase section */

/* Begin PBXSourcesBuildPhase section */
		AEF6B6CA2B5B051000CFF64B /* Sources */ = {
			isa = PBXSourcesBuildPhase;
			buildActionMask = 2147483647;
			files = (
				AEF6B6D62B5B051000CFF64B /* LandingPageViewController.swift in Sources */,
				AEF6B6D22B5B051000CFF64B /* AppDelegate.swift in Sources */,
				AEF6B7012B5B0C4B00CFF64B /* Extension+String.swift in Sources */,
				AEF6B7072B5B0E3C00CFF64B /* FourthViewController.swift in Sources */,
				AEF6B6D42B5B051000CFF64B /* SceneDelegate.swift in Sources */,
				AEF6B7032B5B0DFF00CFF64B /* SecondViewController.swift in Sources */,
				AEF6B6FB2B5B083F00CFF64B /* DefaultManager.swift in Sources */,
				AEF6B7052B5B0E2B00CFF64B /* ThirdViewController.swift in Sources */,
				AEF6B6FE2B5B095900CFF64B /* LanguageManager.swift in Sources */,
				AEF6B7092B5B0F1C00CFF64B /* SegueConstants.swift in Sources */,
			);
			runOnlyForDeploymentPostprocessing = 0;
		};
/* End PBXSourcesBuildPhase section */

/* Begin PBXVariantGroup section */
		AEF6B6D72B5B051000CFF64B /* Main.storyboard */ = {
			isa = PBXVariantGroup;
			children = (
				AEF6B6D82B5B051000CFF64B /* Base */,
				AEF6B6ED2B5B06A400CFF64B /* es */,
			);
			name = Main.storyboard;
			sourceTree = "<group>";
		};
		AEF6B6DC2B5B051100CFF64B /* LaunchScreen.storyboard */ = {
			isa = PBXVariantGroup;
			children = (
				AEF6B6DD2B5B051100CFF64B /* Base */,
				AEF6B6EE2B5B06A400CFF64B /* es */,
			);
			name = LaunchScreen.storyboard;
			sourceTree = "<group>";
		};
		AEF6B6EA2B5B060800CFF64B /* Localizable.strings */ = {
			isa = PBXVariantGroup;
			children = (
				AEF6B6F22B5B06E400CFF64B /* es */,
				AEF6B6F32B5B072B00CFF64B /* en */,
			);
			name = Localizable.strings;
			sourceTree = "<group>";
		};
/* End PBXVariantGroup section */

/* Begin XCBuildConfiguration section */
		AEF6B6E02B5B051100CFF64B /* Debug */ = {
			isa = XCBuildConfiguration;
			buildSettings = {
				ALWAYS_SEARCH_USER_PATHS = NO;
				ASSETCATALOG_COMPILER_GENERATE_SWIFT_ASSET_SYMBOL_EXTENSIONS = YES;
				CLANG_ANALYZER_LOCALIZABILITY_NONLOCALIZED = YES;
				CLANG_ANALYZER_NONNULL = YES;
				CLANG_ANALYZER_NUMBER_OBJECT_CONVERSION = YES_AGGRESSIVE;
				CLANG_CXX_LANGUAGE_STANDARD = "gnu++20";
				CLANG_ENABLE_MODULES = YES;
				CLANG_ENABLE_OBJC_ARC = YES;
				CLANG_ENABLE_OBJC_WEAK = YES;
				CLANG_WARN_BLOCK_CAPTURE_AUTORELEASING = YES;
				CLANG_WARN_BOOL_CONVERSION = YES;
				CLANG_WARN_COMMA = YES;
				CLANG_WARN_CONSTANT_CONVERSION = YES;
				CLANG_WARN_DEPRECATED_OBJC_IMPLEMENTATIONS = YES;
				CLANG_WARN_DIRECT_OBJC_ISA_USAGE = YES_ERROR;
				CLANG_WARN_DOCUMENTATION_COMMENTS = YES;
				CLANG_WARN_EMPTY_BODY = YES;
				CLANG_WARN_ENUM_CONVERSION = YES;
				CLANG_WARN_INFINITE_RECURSION = YES;
				CLANG_WARN_INT_CONVERSION = YES;
				CLANG_WARN_NON_LITERAL_NULL_CONVERSION = YES;
				CLANG_WARN_OBJC_IMPLICIT_RETAIN_SELF = YES;
				CLANG_WARN_OBJC_LITERAL_CONVERSION = YES;
				CLANG_WARN_OBJC_ROOT_CLASS = YES_ERROR;
				CLANG_WARN_QUOTED_INCLUDE_IN_FRAMEWORK_HEADER = YES;
				CLANG_WARN_RANGE_LOOP_ANALYSIS = YES;
				CLANG_WARN_STRICT_PROTOTYPES = YES;
				CLANG_WARN_SUSPICIOUS_MOVE = YES;
				CLANG_WARN_UNGUARDED_AVAILABILITY = YES_AGGRESSIVE;
				CLANG_WARN_UNREACHABLE_CODE = YES;
				CLANG_WARN__DUPLICATE_METHOD_MATCH = YES;
				COPY_PHASE_STRIP = NO;
				DEBUG_INFORMATION_FORMAT = dwarf;
				ENABLE_STRICT_OBJC_MSGSEND = YES;
				ENABLE_TESTABILITY = YES;
				ENABLE_USER_SCRIPT_SANDBOXING = YES;
				GCC_C_LANGUAGE_STANDARD = gnu17;
				GCC_DYNAMIC_NO_PIC = NO;
				GCC_NO_COMMON_BLOCKS = YES;
				GCC_OPTIMIZATION_LEVEL = 0;
				GCC_PREPROCESSOR_DEFINITIONS = (
					"DEBUG=1",
					"$(inherited)",
				);
				GCC_WARN_64_TO_32_BIT_CONVERSION = YES;
				GCC_WARN_ABOUT_RETURN_TYPE = YES_ERROR;
				GCC_WARN_UNDECLARED_SELECTOR = YES;
				GCC_WARN_UNINITIALIZED_AUTOS = YES_AGGRESSIVE;
				GCC_WARN_UNUSED_FUNCTION = YES;
				GCC_WARN_UNUSED_VARIABLE = YES;
				IPHONEOS_DEPLOYMENT_TARGET = 17.2;
				LOCALIZATION_PREFERS_STRING_CATALOGS = YES;
				MTL_ENABLE_DEBUG_INFO = INCLUDE_SOURCE;
				MTL_FAST_MATH = YES;
				ONLY_ACTIVE_ARCH = YES;
				SDKROOT = iphoneos;
				SWIFT_ACTIVE_COMPILATION_CONDITIONS = "DEBUG $(inherited)";
				SWIFT_OPTIMIZATION_LEVEL = "-Onone";
			};
			name = Debug;
		};
		AEF6B6E12B5B051100CFF64B /* Release */ = {
			isa = XCBuildConfiguration;
			buildSettings = {
				ALWAYS_SEARCH_USER_PATHS = NO;
				ASSETCATALOG_COMPILER_GENERATE_SWIFT_ASSET_SYMBOL_EXTENSIONS = YES;
				CLANG_ANALYZER_LOCALIZABILITY_NONLOCALIZED = YES;
				CLANG_ANALYZER_NONNULL = YES;
				CLANG_ANALYZER_NUMBER_OBJECT_CONVERSION = YES_AGGRESSIVE;
				CLANG_CXX_LANGUAGE_STANDARD = "gnu++20";
				CLANG_ENABLE_MODULES = YES;
				CLANG_ENABLE_OBJC_ARC = YES;
				CLANG_ENABLE_OBJC_WEAK = YES;
				CLANG_WARN_BLOCK_CAPTURE_AUTORELEASING = YES;
				CLANG_WARN_BOOL_CONVERSION = YES;
				CLANG_WARN_COMMA = YES;
				CLANG_WARN_CONSTANT_CONVERSION = YES;
				CLANG_WARN_DEPRECATED_OBJC_IMPLEMENTATIONS = YES;
				CLANG_WARN_DIRECT_OBJC_ISA_USAGE = YES_ERROR;
				CLANG_WARN_DOCUMENTATION_COMMENTS = YES;
				CLANG_WARN_EMPTY_BODY = YES;
				CLANG_WARN_ENUM_CONVERSION = YES;
				CLANG_WARN_INFINITE_RECURSION = YES;
				CLANG_WARN_INT_CONVERSION = YES;
				CLANG_WARN_NON_LITERAL_NULL_CONVERSION = YES;
				CLANG_WARN_OBJC_IMPLICIT_RETAIN_SELF = YES;
				CLANG_WARN_OBJC_LITERAL_CONVERSION = YES;
				CLANG_WARN_OBJC_ROOT_CLASS = YES_ERROR;
				CLANG_WARN_QUOTED_INCLUDE_IN_FRAMEWORK_HEADER = YES;
				CLANG_WARN_RANGE_LOOP_ANALYSIS = YES;
				CLANG_WARN_STRICT_PROTOTYPES = YES;
				CLANG_WARN_SUSPICIOUS_MOVE = YES;
				CLANG_WARN_UNGUARDED_AVAILABILITY = YES_AGGRESSIVE;
				CLANG_WARN_UNREACHABLE_CODE = YES;
				CLANG_WARN__DUPLICATE_METHOD_MATCH = YES;
				COPY_PHASE_STRIP = NO;
				DEBUG_INFORMATION_FORMAT = "dwarf-with-dsym";
				ENABLE_NS_ASSERTIONS = NO;
				ENABLE_STRICT_OBJC_MSGSEND = YES;
				ENABLE_USER_SCRIPT_SANDBOXING = YES;
				GCC_C_LANGUAGE_STANDARD = gnu17;
				GCC_NO_COMMON_BLOCKS = YES;
				GCC_WARN_64_TO_32_BIT_CONVERSION = YES;
				GCC_WARN_ABOUT_RETURN_TYPE = YES_ERROR;
				GCC_WARN_UNDECLARED_SELECTOR = YES;
				GCC_WARN_UNINITIALIZED_AUTOS = YES_AGGRESSIVE;
				GCC_WARN_UNUSED_FUNCTION = YES;
				GCC_WARN_UNUSED_VARIABLE = YES;
				IPHONEOS_DEPLOYMENT_TARGET = 17.2;
				LOCALIZATION_PREFERS_STRING_CATALOGS = YES;
				MTL_ENABLE_DEBUG_INFO = NO;
				MTL_FAST_MATH = YES;
				SDKROOT = iphoneos;
				SWIFT_COMPILATION_MODE = wholemodule;
				VALIDATE_PRODUCT = YES;
			};
			name = Release;
		};
		AEF6B6E32B5B051100CFF64B /* Debug */ = {
			isa = XCBuildConfiguration;
			buildSettings = {
				ASSETCATALOG_COMPILER_APPICON_NAME = AppIcon;
				ASSETCATALOG_COMPILER_GLOBAL_ACCENT_COLOR_NAME = AccentColor;
				CODE_SIGN_STYLE = Automatic;
				CURRENT_PROJECT_VERSION = 1;
				DEVELOPMENT_TEAM = XWAT7T2QCR;
				GENERATE_INFOPLIST_FILE = YES;
				INFOPLIST_FILE = LanguageDemo/Info.plist;
				INFOPLIST_KEY_UIApplicationSupportsIndirectInputEvents = YES;
				INFOPLIST_KEY_UILaunchStoryboardName = LaunchScreen;
				INFOPLIST_KEY_UIMainStoryboardFile = Main;
				INFOPLIST_KEY_UISupportedInterfaceOrientations_iPad = "UIInterfaceOrientationPortrait UIInterfaceOrientationPortraitUpsideDown UIInterfaceOrientationLandscapeLeft UIInterfaceOrientationLandscapeRight";
				INFOPLIST_KEY_UISupportedInterfaceOrientations_iPhone = "UIInterfaceOrientationPortrait UIInterfaceOrientationLandscapeLeft UIInterfaceOrientationLandscapeRight";
				LD_RUNPATH_SEARCH_PATHS = (
					"$(inherited)",
					"@executable_path/Frameworks",
				);
				MARKETING_VERSION = 1.0;
				PRODUCT_BUNDLE_IDENTIFIER = com.erikblanco.LanguageDemo;
				PRODUCT_NAME = "$(TARGET_NAME)";
				SWIFT_EMIT_LOC_STRINGS = YES;
				SWIFT_VERSION = 5.0;
				TARGETED_DEVICE_FAMILY = "1,2";
			};
			name = Debug;
		};
		AEF6B6E42B5B051100CFF64B /* Release */ = {
			isa = XCBuildConfiguration;
			buildSettings = {
				ASSETCATALOG_COMPILER_APPICON_NAME = AppIcon;
				ASSETCATALOG_COMPILER_GLOBAL_ACCENT_COLOR_NAME = AccentColor;
				CODE_SIGN_STYLE = Automatic;
				CURRENT_PROJECT_VERSION = 1;
				DEVELOPMENT_TEAM = XWAT7T2QCR;
				GENERATE_INFOPLIST_FILE = YES;
				INFOPLIST_FILE = LanguageDemo/Info.plist;
				INFOPLIST_KEY_UIApplicationSupportsIndirectInputEvents = YES;
				INFOPLIST_KEY_UILaunchStoryboardName = LaunchScreen;
				INFOPLIST_KEY_UIMainStoryboardFile = Main;
				INFOPLIST_KEY_UISupportedInterfaceOrientations_iPad = "UIInterfaceOrientationPortrait UIInterfaceOrientationPortraitUpsideDown UIInterfaceOrientationLandscapeLeft UIInterfaceOrientationLandscapeRight";
				INFOPLIST_KEY_UISupportedInterfaceOrientations_iPhone = "UIInterfaceOrientationPortrait UIInterfaceOrientationLandscapeLeft UIInterfaceOrientationLandscapeRight";
				LD_RUNPATH_SEARCH_PATHS = (
					"$(inherited)",
					"@executable_path/Frameworks",
				);
				MARKETING_VERSION = 1.0;
				PRODUCT_BUNDLE_IDENTIFIER = com.erikblanco.LanguageDemo;
				PRODUCT_NAME = "$(TARGET_NAME)";
				SWIFT_EMIT_LOC_STRINGS = YES;
				SWIFT_VERSION = 5.0;
				TARGETED_DEVICE_FAMILY = "1,2";
			};
			name = Release;
		};
/* End XCBuildConfiguration section */

/* Begin XCConfigurationList section */
		AEF6B6C92B5B051000CFF64B /* Build configuration list for PBXProject "LanguageDemo" */ = {
			isa = XCConfigurationList;
			buildConfigurations = (
				AEF6B6E02B5B051100CFF64B /* Debug */,
				AEF6B6E12B5B051100CFF64B /* Release */,
			);
			defaultConfigurationIsVisible = 0;
			defaultConfigurationName = Release;
		};
		AEF6B6E22B5B051100CFF64B /* Build configuration list for PBXNativeTarget "LanguageDemo" */ = {
			isa = XCConfigurationList;
			buildConfigurations = (
				AEF6B6E32B5B051100CFF64B /* Debug */,
				AEF6B6E42B5B051100CFF64B /* Release */,
			);
			defaultConfigurationIsVisible = 0;
			defaultConfigurationName = Release;
		};
/* End XCConfigurationList section */
	};
	rootObject = AEF6B6C62B5B051000CFF64B /* Project object */;
}
